
Microsoft Visual Studio Solution File, Format Version 12.00
Project("{FAE04EC0-301F-11D3-BF4B-00C04F79EFBC}") = "API", "API\API.csproj", "{CFAF4D22-03B1-4D9D-A57C-76AE4F555B68}"
EndProject
Project("{2150E333-8FDC-42A3-9474-1A3956D46DE8}") = "src", "src", "{502CF3AE-66E2-4E0F-ADFB-4DC6C22DFE22}"
EndProject
Project("{2150E333-8FDC-42A3-9474-1A3956D46DE8}") = "tests", "tests", "{7EE4A89D-0542-41C2-B538-DA083666716F}"
EndProject
Project("{2150E333-8FDC-42A3-9474-1A3956D46DE8}") = "Solution items", "Solution items", "{CBC83B3A-394F-4D64-9F97-A61CB74B0871}"
	ProjectSection(SolutionItems) = preProject
		README.md = README.md
	EndProjectSection
EndProject
Project("{FAE04EC0-301F-11D3-BF4B-00C04F79EFBC}") = "Domain", "src\Domain\Domain.csproj", "{2AFB658A-FD7C-43B2-BCB4-B4EE17976A39}"
EndProject
Project("{FAE04EC0-301F-11D3-BF4B-00C04F79EFBC}") = "Application", "src\Application\Application.csproj", "{9869F116-0B23-4A44-B0AC-66EE19D7747F}"
EndProject
Project("{FAE04EC0-301F-11D3-BF4B-00C04F79EFBC}") = "Infrastructure", "Infrastructure\Infrastructure.csproj", "{B0771D57-A0E7-4732-94F7-5FFF038BA618}"
EndProject
Project("{FAE04EC0-301F-11D3-BF4B-00C04F79EFBC}") = "UnitTests", "UnitTests\UnitTests.csproj", "{5AA48043-7EE3-4061-8C65-8E28638A0941}"
EndProject
Project("{FAE04EC0-301F-11D3-BF4B-00C04F79EFBC}") = "IntegrationTests", "IntegrationTests\IntegrationTests.csproj", "{49CAD131-FC96-4362-9250-CC3D115C40DC}"
EndProject
Global
	GlobalSection(SolutionConfigurationPlatforms) = preSolution
		Debug|Any CPU = Debug|Any CPU
		Release|Any CPU = Release|Any CPU
	EndGlobalSection
	GlobalSection(ProjectConfigurationPlatforms) = postSolution
		{CFAF4D22-03B1-4D9D-A57C-76AE4F555B68}.Debug|Any CPU.ActiveCfg = Debug|Any CPU
		{CFAF4D22-03B1-4D9D-A57C-76AE4F555B68}.Debug|Any CPU.Build.0 = Debug|Any CPU
		{CFAF4D22-03B1-4D9D-A57C-76AE4F555B68}.Release|Any CPU.ActiveCfg = Release|Any CPU
		{CFAF4D22-03B1-4D9D-A57C-76AE4F555B68}.Release|Any CPU.Build.0 = Release|Any CPU
		{2AFB658A-FD7C-43B2-BCB4-B4EE17976A39}.Debug|Any CPU.ActiveCfg = Debug|Any CPU
		{2AFB658A-FD7C-43B2-BCB4-B4EE17976A39}.Debug|Any CPU.Build.0 = Debug|Any CPU
		{2AFB658A-FD7C-43B2-BCB4-B4EE17976A39}.Release|Any CPU.ActiveCfg = Release|Any CPU
		{2AFB658A-FD7C-43B2-BCB4-B4EE17976A39}.Release|Any CPU.Build.0 = Release|Any CPU
		{9869F116-0B23-4A44-B0AC-66EE19D7747F}.Debug|Any CPU.ActiveCfg = Debug|Any CPU
		{9869F116-0B23-4A44-B0AC-66EE19D7747F}.Debug|Any CPU.Build.0 = Debug|Any CPU
		{9869F116-0B23-4A44-B0AC-66EE19D7747F}.Release|Any CPU.ActiveCfg = Release|Any CPU
		{9869F116-0B23-4A44-B0AC-66EE19D7747F}.Release|Any CPU.Build.0 = Release|Any CPU
		{B0771D57-A0E7-4732-94F7-5FFF038BA618}.Debug|Any CPU.ActiveCfg = Debug|Any CPU
		{B0771D57-A0E7-4732-94F7-5FFF038BA618}.Debug|Any CPU.Build.0 = Debug|Any CPU
		{B0771D57-A0E7-4732-94F7-5FFF038BA618}.Release|Any CPU.ActiveCfg = Release|Any CPU
		{B0771D57-A0E7-4732-94F7-5FFF038BA618}.Release|Any CPU.Build.0 = Release|Any CPU
		{5AA48043-7EE3-4061-8C65-8E28638A0941}.Debug|Any CPU.ActiveCfg = Debug|Any CPU
		{5AA48043-7EE3-4061-8C65-8E28638A0941}.Debug|Any CPU.Build.0 = Debug|Any CPU
		{5AA48043-7EE3-4061-8C65-8E28638A0941}.Release|Any CPU.ActiveCfg = Release|Any CPU
		{5AA48043-7EE3-4061-8C65-8E28638A0941}.Release|Any CPU.Build.0 = Release|Any CPU
		{49CAD131-FC96-4362-9250-CC3D115C40DC}.Debug|Any CPU.ActiveCfg = Debug|Any CPU
		{49CAD131-FC96-4362-9250-CC3D115C40DC}.Debug|Any CPU.Build.0 = Debug|Any CPU
		{49CAD131-FC96-4362-9250-CC3D115C40DC}.Release|Any CPU.ActiveCfg = Release|Any CPU
		{49CAD131-FC96-4362-9250-CC3D115C40DC}.Release|Any CPU.Build.0 = Release|Any CPU
	EndGlobalSection
	GlobalSection(NestedProjects) = preSolution
		{CFAF4D22-03B1-4D9D-A57C-76AE4F555B68} = {502CF3AE-66E2-4E0F-ADFB-4DC6C22DFE22}
		{2AFB658A-FD7C-43B2-BCB4-B4EE17976A39} = {502CF3AE-66E2-4E0F-ADFB-4DC6C22DFE22}
		{9869F116-0B23-4A44-B0AC-66EE19D7747F} = {502CF3AE-66E2-4E0F-ADFB-4DC6C22DFE22}
		{B0771D57-A0E7-4732-94F7-5FFF038BA618} = {502CF3AE-66E2-4E0F-ADFB-4DC6C22DFE22}
		{5AA48043-7EE3-4061-8C65-8E28638A0941} = {7EE4A89D-0542-41C2-B538-DA083666716F}
		{49CAD131-FC96-4362-9250-CC3D115C40DC} = {7EE4A89D-0542-41C2-B538-DA083666716F}
	EndGlobalSection
EndGlobal
